
Microsoft Visual Studio Solution File, Format Version 12.00
# Visual Studio Version 17
VisualStudioVersion = 17.3.32825.248
MinimumVisualStudioVersion = 10.0.40219.1
Project("{8BC9CEB8-8B4A-11D0-8D11-00A0C91BC942}") = "Help Me With The Game", "Help Me With The Game.vcxproj", "{4B5628B0-766F-4BF0-B412-D5B7243607B7}"
EndProject
Global
	GlobalSection(SolutionConfigurationPlatforms) = preSolution
		Debug|x64 = Debug|x64
		Debug|x86 = Debug|x86
		Release|x64 = Release|x64
		Release|x86 = Release|x86
	EndGlobalSection
	GlobalSection(ProjectConfigurationPlatforms) = postSolution
		{4B5628B0-766F-4BF0-B412-D5B7243607B7}.Debug|x64.ActiveCfg = Debug|x64
		{4B5628B0-766F-4BF0-B412-D5B7243607B7}.Debug|x64.Build.0 = Debug|x64
		{4B5628B0-766F-4BF0-B412-D5B7243607B7}.Debug|x86.ActiveCfg = Debug|Win32
		{4B5628B0-766F-4BF0-B412-D5B7243607B7}.Debug|x86.Build.0 = Debug|Win32
		{4B5628B0-766F-4BF0-B412-D5B7243607B7}.Release|x64.ActiveCfg = Release|x64
		{4B5628B0-766F-4BF0-B412-D5B7243607B7}.Release|x64.Build.0 = Release|x64
		{4B5628B0-766F-4BF0-B412-D5B7243607B7}.Release|x86.ActiveCfg = Release|Win32
		{4B5628B0-766F-4BF0-B412-D5B7243607B7}.Release|x86.Build.0 = Release|Win32
	EndGlobalSection
	GlobalSection(SolutionProperties) = preSolution
		HideSolutionNode = FALSE
	EndGlobalSection
	GlobalSection(ExtensibilityGlobals) = postSolution
		SolutionGuid = {4E308E6B-FC1B-48F7-9D48-64D7A2B52D6F}
	EndGlobalSection
EndGlobal
