
Microsoft Visual Studio Solution File, Format Version 12.00
# Visual Studio Version 17
VisualStudioVersion = 17.3.32825.248
MinimumVisualStudioVersion = 10.0.40219.1
Project("{8BC9CEB8-8B4A-11D0-8D11-00A0C91BC942}") = "Reduplication", "Reduplication.vcxproj", "{5DA1BF1B-0881-40C7-A0D4-68E0F7626A73}"
EndProject
Global
	GlobalSection(SolutionConfigurationPlatforms) = preSolution
		Debug|x64 = Debug|x64
		Debug|x86 = Debug|x86
		Release|x64 = Release|x64
		Release|x86 = Release|x86
	EndGlobalSection
	GlobalSection(ProjectConfigurationPlatforms) = postSolution
		{5DA1BF1B-0881-40C7-A0D4-68E0F7626A73}.Debug|x64.ActiveCfg = Debug|x64
		{5DA1BF1B-0881-40C7-A0D4-68E0F7626A73}.Debug|x64.Build.0 = Debug|x64
		{5DA1BF1B-0881-40C7-A0D4-68E0F7626A73}.Debug|x86.ActiveCfg = Debug|Win32
		{5DA1BF1B-0881-40C7-A0D4-68E0F7626A73}.Debug|x86.Build.0 = Debug|Win32
		{5DA1BF1B-0881-40C7-A0D4-68E0F7626A73}.Release|x64.ActiveCfg = Release|x64
		{5DA1BF1B-0881-40C7-A0D4-68E0F7626A73}.Release|x64.Build.0 = Release|x64
		{5DA1BF1B-0881-40C7-A0D4-68E0F7626A73}.Release|x86.ActiveCfg = Release|Win32
		{5DA1BF1B-0881-40C7-A0D4-68E0F7626A73}.Release|x86.Build.0 = Release|Win32
	EndGlobalSection
	GlobalSection(SolutionProperties) = preSolution
		HideSolutionNode = FALSE
	EndGlobalSection
	GlobalSection(ExtensibilityGlobals) = postSolution
		SolutionGuid = {1C5896F6-8BC8-46D5-813F-7141D8187F96}
	EndGlobalSection
EndGlobal
